Microsoft Visual Studio Solution File, Format Version 12.00
# Visual Studio 14
VisualStudioVersion = 14.0.25420.1
MinimumVisualStudioVersion = 10.0.40219.1
Project("{FAE04EC0-301F-11D3-BF4B-00C04F79EFBC}") = "Utils", "src\Utils\Utils.csproj", "{48BE9D66-3A19-4248-BBDD-4DB4A52B3FE5}"
EndProject
Project("{FAE04EC0-301F-11D3-BF4B-00C04F79EFBC}") = "Platform", "src\Platform\Platform.csproj", "{FE49745C-01F6-4A3F-BF08-828113D3E19F}"
EndProject
Project("{FAE04EC0-301F-11D3-BF4B-00C04F79EFBC}") = "Geocoding", "src\Geocoding\Geocoding.csproj", "{89F8BAB2-2E7A-425E-B715-2CC4519D561F}"
EndProject
Project("{FAE04EC0-301F-11D3-BF4B-00C04F79EFBC}") = "Directions", "src\Directions\Directions.csproj", "{08214364-755E-4D6F-B7FF-9D2D49011C20}"
EndProject
Project("{FAE04EC0-301F-11D3-BF4B-00C04F79EFBC}") = "UnitTest", "test\UnitTest\UnitTest.csproj", "{F04D4384-62B7-4F73-ACD9-C9A5112FC53F}"
EndProject
Project("{FAE04EC0-301F-11D3-BF4B-00C04F79EFBC}") = "Map", "src\Map\Map.csproj", "{6AECAE3C-A1F3-4B94-976B-D27AA4610879}"
EndProject
Project("{FAE04EC0-301F-11D3-BF4B-00C04F79EFBC}") = "Documentation", "src\Documentation\Documentation.csproj", "{B8B3DDF2-BDF3-4091-989D-D1637B59705A}"
EndProject
Project("{FAE04EC0-301F-11D3-BF4B-00C04F79EFBC}") = "UtilsUWP", "src\Utils\UtilsUWP.csproj", "{FE92B261-DAEB-4548-906F-7D2DAAC98EE4}"
EndProject
Project("{FAE04EC0-301F-11D3-BF4B-00C04F79EFBC}") = "PlatformUWP", "src\Platform\PlatformUWP.csproj", "{74DCA811-E397-491D-B8AF-6B4CF91A42FA}"
EndProject
Project("{FAE04EC0-301F-11D3-BF4B-00C04F79EFBC}") = "GeocodingUWP", "src\Geocoding\GeocodingUWP.csproj", "{05CF7ACD-C70F-43B1-B35C-16272A68A6BF}"
EndProject
Project("{FAE04EC0-301F-11D3-BF4B-00C04F79EFBC}") = "DirectionsUWP", "src\Directions\DirectionsUWP.csproj", "{44852FAF-423D-446D-BFDC-8A11DDA0C1C9}"
EndProject
Project("{FAE04EC0-301F-11D3-BF4B-00C04F79EFBC}") = "MapUWP", "src\Map\MapUWP.csproj", "{B01D8D98-78E8-4419-8138-4BE47BDD985B}"
EndProject
Global
	GlobalSection(SolutionConfigurationPlatforms) = preSolution
		DebugNet|Any CPU = DebugNet|Any CPU
		DebugNet|ARM = DebugNet|ARM
		DebugNet|x64 = DebugNet|x64
		DebugNet|x86 = DebugNet|x86
		DebugUWP|Any CPU = DebugUWP|Any CPU
		DebugUWP|ARM = DebugUWP|ARM
		DebugUWP|x64 = DebugUWP|x64
		DebugUWP|x86 = DebugUWP|x86
	EndGlobalSection
	GlobalSection(ProjectConfigurationPlatforms) = postSolution
		{48BE9D66-3A19-4248-BBDD-4DB4A52B3FE5}.DebugNet|Any CPU.ActiveCfg = DebugNet|Any CPU
		{48BE9D66-3A19-4248-BBDD-4DB4A52B3FE5}.DebugNet|Any CPU.Build.0 = DebugNet|Any CPU
		{48BE9D66-3A19-4248-BBDD-4DB4A52B3FE5}.DebugNet|ARM.ActiveCfg = DebugNet|Any CPU
		{48BE9D66-3A19-4248-BBDD-4DB4A52B3FE5}.DebugNet|ARM.Build.0 = DebugNet|Any CPU
		{48BE9D66-3A19-4248-BBDD-4DB4A52B3FE5}.DebugNet|x64.ActiveCfg = DebugNet|Any CPU
		{48BE9D66-3A19-4248-BBDD-4DB4A52B3FE5}.DebugNet|x64.Build.0 = DebugNet|Any CPU
		{48BE9D66-3A19-4248-BBDD-4DB4A52B3FE5}.DebugNet|x86.ActiveCfg = DebugNet|Any CPU
		{48BE9D66-3A19-4248-BBDD-4DB4A52B3FE5}.DebugNet|x86.Build.0 = DebugNet|Any CPU
		{48BE9D66-3A19-4248-BBDD-4DB4A52B3FE5}.DebugUWP|Any CPU.ActiveCfg = DebugUWP|Any CPU
		{48BE9D66-3A19-4248-BBDD-4DB4A52B3FE5}.DebugUWP|ARM.ActiveCfg = DebugUWP|Any CPU
		{48BE9D66-3A19-4248-BBDD-4DB4A52B3FE5}.DebugUWP|ARM.Build.0 = DebugUWP|Any CPU
		{48BE9D66-3A19-4248-BBDD-4DB4A52B3FE5}.DebugUWP|x64.ActiveCfg = DebugUWP|Any CPU
		{48BE9D66-3A19-4248-BBDD-4DB4A52B3FE5}.DebugUWP|x64.Build.0 = DebugUWP|Any CPU
		{48BE9D66-3A19-4248-BBDD-4DB4A52B3FE5}.DebugUWP|x86.ActiveCfg = DebugUWP|Any CPU
		{48BE9D66-3A19-4248-BBDD-4DB4A52B3FE5}.DebugUWP|x86.Build.0 = DebugUWP|Any CPU
		{FE49745C-01F6-4A3F-BF08-828113D3E19F}.DebugNet|Any CPU.ActiveCfg = DebugNet|Any CPU
		{FE49745C-01F6-4A3F-BF08-828113D3E19F}.DebugNet|Any CPU.Build.0 = DebugNet|Any CPU
		{FE49745C-01F6-4A3F-BF08-828113D3E19F}.DebugNet|ARM.ActiveCfg = DebugNet|Any CPU
		{FE49745C-01F6-4A3F-BF08-828113D3E19F}.DebugNet|ARM.Build.0 = DebugNet|Any CPU
		{FE49745C-01F6-4A3F-BF08-828113D3E19F}.DebugNet|x64.ActiveCfg = DebugNet|Any CPU
		{FE49745C-01F6-4A3F-BF08-828113D3E19F}.DebugNet|x64.Build.0 = DebugNet|Any CPU
		{FE49745C-01F6-4A3F-BF08-828113D3E19F}.DebugNet|x86.ActiveCfg = DebugNet|Any CPU
		{FE49745C-01F6-4A3F-BF08-828113D3E19F}.DebugNet|x86.Build.0 = DebugNet|Any CPU
		{FE49745C-01F6-4A3F-BF08-828113D3E19F}.DebugUWP|Any CPU.ActiveCfg = DebugUWP|Any CPU
		{FE49745C-01F6-4A3F-BF08-828113D3E19F}.DebugUWP|ARM.ActiveCfg = DebugUWP|Any CPU
		{FE49745C-01F6-4A3F-BF08-828113D3E19F}.DebugUWP|ARM.Build.0 = DebugUWP|Any CPU
		{FE49745C-01F6-4A3F-BF08-828113D3E19F}.DebugUWP|x64.ActiveCfg = DebugUWP|Any CPU
		{FE49745C-01F6-4A3F-BF08-828113D3E19F}.DebugUWP|x64.Build.0 = DebugUWP|Any CPU
		{FE49745C-01F6-4A3F-BF08-828113D3E19F}.DebugUWP|x86.ActiveCfg = DebugUWP|Any CPU
		{FE49745C-01F6-4A3F-BF08-828113D3E19F}.DebugUWP|x86.Build.0 = DebugUWP|Any CPU
		{89F8BAB2-2E7A-425E-B715-2CC4519D561F}.DebugNet|Any CPU.ActiveCfg = DebugNet|Any CPU
		{89F8BAB2-2E7A-425E-B715-2CC4519D561F}.DebugNet|Any CPU.Build.0 = DebugNet|Any CPU
		{89F8BAB2-2E7A-425E-B715-2CC4519D561F}.DebugNet|ARM.ActiveCfg = DebugNet|Any CPU
		{89F8BAB2-2E7A-425E-B715-2CC4519D561F}.DebugNet|ARM.Build.0 = DebugNet|Any CPU
		{89F8BAB2-2E7A-425E-B715-2CC4519D561F}.DebugNet|x64.ActiveCfg = DebugNet|Any CPU
		{89F8BAB2-2E7A-425E-B715-2CC4519D561F}.DebugNet|x64.Build.0 = DebugNet|Any CPU
		{89F8BAB2-2E7A-425E-B715-2CC4519D561F}.DebugNet|x86.ActiveCfg = DebugNet|Any CPU
		{89F8BAB2-2E7A-425E-B715-2CC4519D561F}.DebugNet|x86.Build.0 = DebugNet|Any CPU
		{89F8BAB2-2E7A-425E-B715-2CC4519D561F}.DebugUWP|Any CPU.ActiveCfg = DebugUWP|Any CPU
		{89F8BAB2-2E7A-425E-B715-2CC4519D561F}.DebugUWP|ARM.ActiveCfg = DebugUWP|Any CPU
		{89F8BAB2-2E7A-425E-B715-2CC4519D561F}.DebugUWP|ARM.Build.0 = DebugUWP|Any CPU
		{89F8BAB2-2E7A-425E-B715-2CC4519D561F}.DebugUWP|x64.ActiveCfg = DebugUWP|Any CPU
		{89F8BAB2-2E7A-425E-B715-2CC4519D561F}.DebugUWP|x64.Build.0 = DebugUWP|Any CPU
		{89F8BAB2-2E7A-425E-B715-2CC4519D561F}.DebugUWP|x86.ActiveCfg = DebugUWP|Any CPU
		{89F8BAB2-2E7A-425E-B715-2CC4519D561F}.DebugUWP|x86.Build.0 = DebugUWP|Any CPU
		{08214364-755E-4D6F-B7FF-9D2D49011C20}.DebugNet|Any CPU.ActiveCfg = DebugNet|Any CPU
		{08214364-755E-4D6F-B7FF-9D2D49011C20}.DebugNet|Any CPU.Build.0 = DebugNet|Any CPU
		{08214364-755E-4D6F-B7FF-9D2D49011C20}.DebugNet|ARM.ActiveCfg = DebugNet|Any CPU
		{08214364-755E-4D6F-B7FF-9D2D49011C20}.DebugNet|ARM.Build.0 = DebugNet|Any CPU
		{08214364-755E-4D6F-B7FF-9D2D49011C20}.DebugNet|x64.ActiveCfg = DebugNet|Any CPU
		{08214364-755E-4D6F-B7FF-9D2D49011C20}.DebugNet|x64.Build.0 = DebugNet|Any CPU
		{08214364-755E-4D6F-B7FF-9D2D49011C20}.DebugNet|x86.ActiveCfg = DebugNet|Any CPU
		{08214364-755E-4D6F-B7FF-9D2D49011C20}.DebugNet|x86.Build.0 = DebugNet|Any CPU
		{08214364-755E-4D6F-B7FF-9D2D49011C20}.DebugUWP|Any CPU.ActiveCfg = DebugUWP|Any CPU
		{08214364-755E-4D6F-B7FF-9D2D49011C20}.DebugUWP|ARM.ActiveCfg = DebugUWP|Any CPU
		{08214364-755E-4D6F-B7FF-9D2D49011C20}.DebugUWP|ARM.Build.0 = DebugUWP|Any CPU
		{08214364-755E-4D6F-B7FF-9D2D49011C20}.DebugUWP|x64.ActiveCfg = DebugUWP|Any CPU
		{08214364-755E-4D6F-B7FF-9D2D49011C20}.DebugUWP|x64.Build.0 = DebugUWP|Any CPU
		{08214364-755E-4D6F-B7FF-9D2D49011C20}.DebugUWP|x86.ActiveCfg = DebugUWP|Any CPU
		{08214364-755E-4D6F-B7FF-9D2D49011C20}.DebugUWP|x86.Build.0 = DebugUWP|Any CPU
		{F04D4384-62B7-4F73-ACD9-C9A5112FC53F}.DebugNet|Any CPU.ActiveCfg = DebugNet|Any CPU
		{F04D4384-62B7-4F73-ACD9-C9A5112FC53F}.DebugNet|Any CPU.Build.0 = DebugNet|Any CPU
		{F04D4384-62B7-4F73-ACD9-C9A5112FC53F}.DebugNet|ARM.ActiveCfg = DebugNet|Any CPU
		{F04D4384-62B7-4F73-ACD9-C9A5112FC53F}.DebugNet|ARM.Build.0 = DebugNet|Any CPU
		{F04D4384-62B7-4F73-ACD9-C9A5112FC53F}.DebugNet|x64.ActiveCfg = DebugNet|Any CPU
		{F04D4384-62B7-4F73-ACD9-C9A5112FC53F}.DebugNet|x64.Build.0 = DebugNet|Any CPU
		{F04D4384-62B7-4F73-ACD9-C9A5112FC53F}.DebugNet|x86.ActiveCfg = DebugNet|Any CPU
		{F04D4384-62B7-4F73-ACD9-C9A5112FC53F}.DebugNet|x86.Build.0 = DebugNet|Any CPU
		{F04D4384-62B7-4F73-ACD9-C9A5112FC53F}.DebugUWP|Any CPU.ActiveCfg = DebugUWP|Any CPU
		{F04D4384-62B7-4F73-ACD9-C9A5112FC53F}.DebugUWP|ARM.ActiveCfg = DebugUWP|Any CPU
		{F04D4384-62B7-4F73-ACD9-C9A5112FC53F}.DebugUWP|ARM.Build.0 = DebugUWP|Any CPU
		{F04D4384-62B7-4F73-ACD9-C9A5112FC53F}.DebugUWP|x64.ActiveCfg = DebugUWP|Any CPU
		{F04D4384-62B7-4F73-ACD9-C9A5112FC53F}.DebugUWP|x64.Build.0 = DebugUWP|Any CPU
		{F04D4384-62B7-4F73-ACD9-C9A5112FC53F}.DebugUWP|x86.ActiveCfg = DebugUWP|Any CPU
		{F04D4384-62B7-4F73-ACD9-C9A5112FC53F}.DebugUWP|x86.Build.0 = DebugUWP|Any CPU
		{6AECAE3C-A1F3-4B94-976B-D27AA4610879}.DebugNet|Any CPU.ActiveCfg = DebugNet|Any CPU
		{6AECAE3C-A1F3-4B94-976B-D27AA4610879}.DebugNet|Any CPU.Build.0 = DebugNet|Any CPU
		{6AECAE3C-A1F3-4B94-976B-D27AA4610879}.DebugNet|ARM.ActiveCfg = DebugNet|Any CPU
		{6AECAE3C-A1F3-4B94-976B-D27AA4610879}.DebugNet|ARM.Build.0 = DebugNet|Any CPU
		{6AECAE3C-A1F3-4B94-976B-D27AA4610879}.DebugNet|x64.ActiveCfg = DebugNet|Any CPU
		{6AECAE3C-A1F3-4B94-976B-D27AA4610879}.DebugNet|x64.Build.0 = DebugNet|Any CPU
		{6AECAE3C-A1F3-4B94-976B-D27AA4610879}.DebugNet|x86.ActiveCfg = DebugNet|Any CPU
		{6AECAE3C-A1F3-4B94-976B-D27AA4610879}.DebugNet|x86.Build.0 = DebugNet|Any CPU
		{6AECAE3C-A1F3-4B94-976B-D27AA4610879}.DebugUWP|Any CPU.ActiveCfg = DebugUWP|Any CPU
		{6AECAE3C-A1F3-4B94-976B-D27AA4610879}.DebugUWP|ARM.ActiveCfg = DebugUWP|Any CPU
		{6AECAE3C-A1F3-4B94-976B-D27AA4610879}.DebugUWP|ARM.Build.0 = DebugUWP|Any CPU
		{6AECAE3C-A1F3-4B94-976B-D27AA4610879}.DebugUWP|x64.ActiveCfg = DebugUWP|Any CPU
		{6AECAE3C-A1F3-4B94-976B-D27AA4610879}.DebugUWP|x64.Build.0 = DebugUWP|Any CPU
		{6AECAE3C-A1F3-4B94-976B-D27AA4610879}.DebugUWP|x86.ActiveCfg = DebugUWP|Any CPU
		{6AECAE3C-A1F3-4B94-976B-D27AA4610879}.DebugUWP|x86.Build.0 = DebugUWP|Any CPU
		{B8B3DDF2-BDF3-4091-989D-D1637B59705A}.DebugNet|Any CPU.ActiveCfg = DebugNet|Any CPU
		{B8B3DDF2-BDF3-4091-989D-D1637B59705A}.DebugNet|Any CPU.Build.0 = DebugNet|Any CPU
		{B8B3DDF2-BDF3-4091-989D-D1637B59705A}.DebugNet|ARM.ActiveCfg = DebugNet|Any CPU
		{B8B3DDF2-BDF3-4091-989D-D1637B59705A}.DebugNet|ARM.Build.0 = DebugNet|Any CPU
		{B8B3DDF2-BDF3-4091-989D-D1637B59705A}.DebugNet|x64.ActiveCfg = DebugNet|Any CPU
		{B8B3DDF2-BDF3-4091-989D-D1637B59705A}.DebugNet|x64.Build.0 = DebugNet|Any CPU
		{B8B3DDF2-BDF3-4091-989D-D1637B59705A}.DebugNet|x86.ActiveCfg = DebugNet|Any CPU
		{B8B3DDF2-BDF3-4091-989D-D1637B59705A}.DebugNet|x86.Build.0 = DebugNet|Any CPU
		{B8B3DDF2-BDF3-4091-989D-D1637B59705A}.DebugUWP|Any CPU.ActiveCfg = DebugUWP|Any CPU
		{B8B3DDF2-BDF3-4091-989D-D1637B59705A}.DebugUWP|ARM.ActiveCfg = DebugUWP|Any CPU
		{B8B3DDF2-BDF3-4091-989D-D1637B59705A}.DebugUWP|ARM.Build.0 = DebugUWP|Any CPU
		{B8B3DDF2-BDF3-4091-989D-D1637B59705A}.DebugUWP|x64.ActiveCfg = DebugUWP|Any CPU
		{B8B3DDF2-BDF3-4091-989D-D1637B59705A}.DebugUWP|x64.Build.0 = DebugUWP|Any CPU
		{B8B3DDF2-BDF3-4091-989D-D1637B59705A}.DebugUWP|x86.ActiveCfg = DebugUWP|Any CPU
		{B8B3DDF2-BDF3-4091-989D-D1637B59705A}.DebugUWP|x86.Build.0 = DebugUWP|Any CPU
		{FE92B261-DAEB-4548-906F-7D2DAAC98EE4}.DebugNet|Any CPU.ActiveCfg = DebugUWP|Any CPU
		{FE92B261-DAEB-4548-906F-7D2DAAC98EE4}.DebugNet|ARM.ActiveCfg = DebugNet|ARM
		{FE92B261-DAEB-4548-906F-7D2DAAC98EE4}.DebugNet|ARM.Build.0 = DebugNet|ARM
		{FE92B261-DAEB-4548-906F-7D2DAAC98EE4}.DebugNet|x64.ActiveCfg = DebugNet|x64
		{FE92B261-DAEB-4548-906F-7D2DAAC98EE4}.DebugNet|x64.Build.0 = DebugNet|x64
		{FE92B261-DAEB-4548-906F-7D2DAAC98EE4}.DebugNet|x86.ActiveCfg = DebugNet|x86
		{FE92B261-DAEB-4548-906F-7D2DAAC98EE4}.DebugNet|x86.Build.0 = DebugNet|x86
		{FE92B261-DAEB-4548-906F-7D2DAAC98EE4}.DebugUWP|Any CPU.ActiveCfg = DebugUWP|Any CPU
		{FE92B261-DAEB-4548-906F-7D2DAAC98EE4}.DebugUWP|Any CPU.Build.0 = DebugUWP|Any CPU
		{FE92B261-DAEB-4548-906F-7D2DAAC98EE4}.DebugUWP|ARM.ActiveCfg = DebugUWP|ARM
		{FE92B261-DAEB-4548-906F-7D2DAAC98EE4}.DebugUWP|ARM.Build.0 = DebugUWP|ARM
		{FE92B261-DAEB-4548-906F-7D2DAAC98EE4}.DebugUWP|x64.ActiveCfg = DebugUWP|x64
		{FE92B261-DAEB-4548-906F-7D2DAAC98EE4}.DebugUWP|x64.Build.0 = DebugUWP|x64
		{FE92B261-DAEB-4548-906F-7D2DAAC98EE4}.DebugUWP|x86.ActiveCfg = DebugUWP|x86
		{FE92B261-DAEB-4548-906F-7D2DAAC98EE4}.DebugUWP|x86.Build.0 = DebugUWP|x86
		{74DCA811-E397-491D-B8AF-6B4CF91A42FA}.DebugNet|Any CPU.ActiveCfg = DebugUWP|Any CPU
		{74DCA811-E397-491D-B8AF-6B4CF91A42FA}.DebugNet|ARM.ActiveCfg = DebugNet|ARM
		{74DCA811-E397-491D-B8AF-6B4CF91A42FA}.DebugNet|ARM.Build.0 = DebugNet|ARM
		{74DCA811-E397-491D-B8AF-6B4CF91A42FA}.DebugNet|x64.ActiveCfg = DebugNet|x64
		{74DCA811-E397-491D-B8AF-6B4CF91A42FA}.DebugNet|x64.Build.0 = DebugNet|x64
		{74DCA811-E397-491D-B8AF-6B4CF91A42FA}.DebugNet|x86.ActiveCfg = DebugNet|x86
		{74DCA811-E397-491D-B8AF-6B4CF91A42FA}.DebugNet|x86.Build.0 = DebugNet|x86
		{74DCA811-E397-491D-B8AF-6B4CF91A42FA}.DebugUWP|Any CPU.ActiveCfg = DebugUWP|Any CPU
		{74DCA811-E397-491D-B8AF-6B4CF91A42FA}.DebugUWP|Any CPU.Build.0 = DebugUWP|Any CPU
		{74DCA811-E397-491D-B8AF-6B4CF91A42FA}.DebugUWP|ARM.ActiveCfg = DebugUWP|ARM
		{74DCA811-E397-491D-B8AF-6B4CF91A42FA}.DebugUWP|ARM.Build.0 = DebugUWP|ARM
		{74DCA811-E397-491D-B8AF-6B4CF91A42FA}.DebugUWP|x64.ActiveCfg = DebugUWP|x64
		{74DCA811-E397-491D-B8AF-6B4CF91A42FA}.DebugUWP|x64.Build.0 = DebugUWP|x64
		{74DCA811-E397-491D-B8AF-6B4CF91A42FA}.DebugUWP|x86.ActiveCfg = DebugUWP|x86
		{74DCA811-E397-491D-B8AF-6B4CF91A42FA}.DebugUWP|x86.Build.0 = DebugUWP|x86
		{05CF7ACD-C70F-43B1-B35C-16272A68A6BF}.DebugNet|Any CPU.ActiveCfg = DebugUWP|Any CPU
		{05CF7ACD-C70F-43B1-B35C-16272A68A6BF}.DebugNet|ARM.ActiveCfg = DebugNet|ARM
		{05CF7ACD-C70F-43B1-B35C-16272A68A6BF}.DebugNet|ARM.Build.0 = DebugNet|ARM
		{05CF7ACD-C70F-43B1-B35C-16272A68A6BF}.DebugNet|x64.ActiveCfg = DebugNet|x64
		{05CF7ACD-C70F-43B1-B35C-16272A68A6BF}.DebugNet|x64.Build.0 = DebugNet|x64
		{05CF7ACD-C70F-43B1-B35C-16272A68A6BF}.DebugNet|x86.ActiveCfg = DebugNet|x86
		{05CF7ACD-C70F-43B1-B35C-16272A68A6BF}.DebugNet|x86.Build.0 = DebugNet|x86
		{05CF7ACD-C70F-43B1-B35C-16272A68A6BF}.DebugUWP|Any CPU.ActiveCfg = DebugUWP|Any CPU
		{05CF7ACD-C70F-43B1-B35C-16272A68A6BF}.DebugUWP|Any CPU.Build.0 = DebugUWP|Any CPU
		{05CF7ACD-C70F-43B1-B35C-16272A68A6BF}.DebugUWP|ARM.ActiveCfg = DebugUWP|ARM
		{05CF7ACD-C70F-43B1-B35C-16272A68A6BF}.DebugUWP|ARM.Build.0 = DebugUWP|ARM
		{05CF7ACD-C70F-43B1-B35C-16272A68A6BF}.DebugUWP|x64.ActiveCfg = DebugUWP|x64
		{05CF7ACD-C70F-43B1-B35C-16272A68A6BF}.DebugUWP|x64.Build.0 = DebugUWP|x64
		{05CF7ACD-C70F-43B1-B35C-16272A68A6BF}.DebugUWP|x86.ActiveCfg = DebugUWP|x86
		{05CF7ACD-C70F-43B1-B35C-16272A68A6BF}.DebugUWP|x86.Build.0 = DebugUWP|x86
		{44852FAF-423D-446D-BFDC-8A11DDA0C1C9}.DebugNet|Any CPU.ActiveCfg = DebugUWP|Any CPU
		{44852FAF-423D-446D-BFDC-8A11DDA0C1C9}.DebugNet|ARM.ActiveCfg = DebugNet|ARM
		{44852FAF-423D-446D-BFDC-8A11DDA0C1C9}.DebugNet|ARM.Build.0 = DebugNet|ARM
		{44852FAF-423D-446D-BFDC-8A11DDA0C1C9}.DebugNet|x64.ActiveCfg = DebugNet|x64
		{44852FAF-423D-446D-BFDC-8A11DDA0C1C9}.DebugNet|x64.Build.0 = DebugNet|x64
		{44852FAF-423D-446D-BFDC-8A11DDA0C1C9}.DebugNet|x86.ActiveCfg = DebugNet|x86
		{44852FAF-423D-446D-BFDC-8A11DDA0C1C9}.DebugNet|x86.Build.0 = DebugNet|x86
		{44852FAF-423D-446D-BFDC-8A11DDA0C1C9}.DebugUWP|Any CPU.ActiveCfg = DebugUWP|Any CPU
		{44852FAF-423D-446D-BFDC-8A11DDA0C1C9}.DebugUWP|Any CPU.Build.0 = DebugUWP|Any CPU
		{44852FAF-423D-446D-BFDC-8A11DDA0C1C9}.DebugUWP|ARM.ActiveCfg = DebugUWP|ARM
		{44852FAF-423D-446D-BFDC-8A11DDA0C1C9}.DebugUWP|ARM.Build.0 = DebugUWP|ARM
		{44852FAF-423D-446D-BFDC-8A11DDA0C1C9}.DebugUWP|x64.ActiveCfg = DebugUWP|x64
		{44852FAF-423D-446D-BFDC-8A11DDA0C1C9}.DebugUWP|x64.Build.0 = DebugUWP|x64
		{44852FAF-423D-446D-BFDC-8A11DDA0C1C9}.DebugUWP|x86.ActiveCfg = DebugUWP|x86
		{44852FAF-423D-446D-BFDC-8A11DDA0C1C9}.DebugUWP|x86.Build.0 = DebugUWP|x86
		{B01D8D98-78E8-4419-8138-4BE47BDD985B}.DebugNet|Any CPU.ActiveCfg = DebugUWP|Any CPU
		{B01D8D98-78E8-4419-8138-4BE47BDD985B}.DebugNet|ARM.ActiveCfg = DebugNet|ARM
		{B01D8D98-78E8-4419-8138-4BE47BDD985B}.DebugNet|ARM.Build.0 = DebugNet|ARM
		{B01D8D98-78E8-4419-8138-4BE47BDD985B}.DebugNet|x64.ActiveCfg = DebugNet|x64
		{B01D8D98-78E8-4419-8138-4BE47BDD985B}.DebugNet|x64.Build.0 = DebugNet|x64
		{B01D8D98-78E8-4419-8138-4BE47BDD985B}.DebugNet|x86.ActiveCfg = DebugNet|x86
		{B01D8D98-78E8-4419-8138-4BE47BDD985B}.DebugNet|x86.Build.0 = DebugNet|x86
		{B01D8D98-78E8-4419-8138-4BE47BDD985B}.DebugUWP|Any CPU.ActiveCfg = DebugUWP|Any CPU
		{B01D8D98-78E8-4419-8138-4BE47BDD985B}.DebugUWP|Any CPU.Build.0 = DebugUWP|Any CPU
		{B01D8D98-78E8-4419-8138-4BE47BDD985B}.DebugUWP|ARM.ActiveCfg = DebugUWP|ARM
		{B01D8D98-78E8-4419-8138-4BE47BDD985B}.DebugUWP|ARM.Build.0 = DebugUWP|ARM
		{B01D8D98-78E8-4419-8138-4BE47BDD985B}.DebugUWP|x64.ActiveCfg = DebugUWP|x64
		{B01D8D98-78E8-4419-8138-4BE47BDD985B}.DebugUWP|x64.Build.0 = DebugUWP|x64
		{B01D8D98-78E8-4419-8138-4BE47BDD985B}.DebugUWP|x86.ActiveCfg = DebugUWP|x86
		{B01D8D98-78E8-4419-8138-4BE47BDD985B}.DebugUWP|x86.Build.0 = DebugUWP|x86
	EndGlobalSection
	GlobalSection(SolutionProperties) = preSolution
		HideSolutionNode = FALSE
	EndGlobalSection
	GlobalSection(MonoDevelopProperties) = preSolution
		Policies = $0
		$0.DotNetNamingPolicy = $1
		$1.DirectoryNamespaceAssociation = None
		$1.ResourceNamePolicy = FileFormatDefault
		$0.TextStylePolicy = $2
		$2.FileWidth = 120
		$2.inheritsSet = VisualStudio
		$2.inheritsScope = text/plain
		$2.scope = text/x-csharp
		$2.EolMarker = Unix
		$0.CSharpFormattingPolicy = $3
		$3.IndentSwitchSection = True
		$3.NewLinesForBracesInProperties = True
		$3.NewLinesForBracesInAccessors = True
		$3.NewLinesForBracesInAnonymousMethods = True
		$3.NewLinesForBracesInControlBlocks = True
		$3.NewLinesForBracesInAnonymousTypes = True
		$3.NewLinesForBracesInObjectCollectionArrayInitializers = True
		$3.NewLinesForBracesInLambdaExpressionBody = True
		$3.NewLineForElse = True
		$3.NewLineForCatch = True
		$3.NewLineForFinally = True
		$3.NewLineForMembersInObjectInit = True
		$3.NewLineForMembersInAnonymousTypes = True
		$3.NewLineForClausesInQuery = True
		$3.SpacingAfterMethodDeclarationName = False
		$3.SpaceAfterMethodCallName = False
		$3.SpaceBeforeOpenSquareBracket = False
		$3.inheritsSet = Mono
		$3.inheritsScope = text/x-csharp
		$3.scope = text/x-csharp
		$0.StandardHeader = $4
		$4.Text = 
		$4.IncludeInNewFiles = True
		$0.NameConventionPolicy = $5
		$5.Rules = $6
		$6.NamingRule = $7
		$7.Name = Type Parameters
		$7.AffectedEntity = TypeParameter
		$7.VisibilityMask = VisibilityMask
		$7.NamingStyle = PascalCase
		$7.IncludeInstanceMembers = True
		$7.IncludeStaticEntities = True
		$7.RequiredPrefixes = $8
		$8.String = T
		$7.RequiredSuffixes = $9
		$9.String = Exception
		$7.AllowedPrefixes = $11
		$11.String = m_
		$0.VersionControlPolicy = $10
		$10.inheritsSet = Mono
		description = Mapbox SDK Unity
		version = 0.0.1
	EndGlobalSection
EndGlobal
