Microsoft Visual Studio Solution File, Format Version 12.00
# Visual Studio 14
VisualStudioVersion = 14.0.25420.1
MinimumVisualStudioVersion = 10.0.40219.1
Project("{FAE04EC0-301F-11D3-BF4B-00C04F79EFBC}") = "Utils", "src\Utils\Utils.csproj", "{48BE9D66-3A19-4248-BBDD-4DB4A52B3FE5}"
EndProject
Project("{FAE04EC0-301F-11D3-BF4B-00C04F79EFBC}") = "Platform", "src\Platform\Platform.csproj", "{FE49745C-01F6-4A3F-BF08-828113D3E19F}"
EndProject
Project("{FAE04EC0-301F-11D3-BF4B-00C04F79EFBC}") = "Geocoding", "src\Geocoding\Geocoding.csproj", "{89F8BAB2-2E7A-425E-B715-2CC4519D561F}"
EndProject
Project("{FAE04EC0-301F-11D3-BF4B-00C04F79EFBC}") = "Unity", "src\Unity\Unity.csproj", "{24CA1FB8-BE9B-46ED-8E09-3767505128B6}"
EndProject
Project("{FAE04EC0-301F-11D3-BF4B-00C04F79EFBC}") = "Directions", "src\Directions\Directions.csproj", "{08214364-755E-4D6F-B7FF-9D2D49011C20}"
EndProject
Project("{FAE04EC0-301F-11D3-BF4B-00C04F79EFBC}") = "Mono", "src\Mono\Mono.csproj", "{346B1208-1587-490B-A7DE-A96B86E81CD6}"
EndProject
Project("{FAE04EC0-301F-11D3-BF4B-00C04F79EFBC}") = "UnitTest", "test\UnitTest\UnitTest.csproj", "{F04D4384-62B7-4F73-ACD9-C9A5112FC53F}"
EndProject
Project("{FAE04EC0-301F-11D3-BF4B-00C04F79EFBC}") = "Map", "src\Map\Map.csproj", "{6AECAE3C-A1F3-4B94-976B-D27AA4610879}"
EndProject
Project("{FAE04EC0-301F-11D3-BF4B-00C04F79EFBC}") = "Documentation", "src\Documentation\Documentation.csproj", "{B8B3DDF2-BDF3-4091-989D-D1637B59705A}"
EndProject
Global
	GlobalSection(SolutionConfigurationPlatforms) = preSolution
		Debug|Any CPU = Debug|Any CPU
		Release|Any CPU = Release|Any CPU
	EndGlobalSection
	GlobalSection(ProjectConfigurationPlatforms) = postSolution
		{48BE9D66-3A19-4248-BBDD-4DB4A52B3FE5}.Debug|Any CPU.ActiveCfg = Debug|Any CPU
		{48BE9D66-3A19-4248-BBDD-4DB4A52B3FE5}.Debug|Any CPU.Build.0 = Debug|Any CPU
		{48BE9D66-3A19-4248-BBDD-4DB4A52B3FE5}.Release|Any CPU.ActiveCfg = Release|Any CPU
		{48BE9D66-3A19-4248-BBDD-4DB4A52B3FE5}.Release|Any CPU.Build.0 = Release|Any CPU
		{FE49745C-01F6-4A3F-BF08-828113D3E19F}.Debug|Any CPU.ActiveCfg = Debug|Any CPU
		{FE49745C-01F6-4A3F-BF08-828113D3E19F}.Debug|Any CPU.Build.0 = Debug|Any CPU
		{FE49745C-01F6-4A3F-BF08-828113D3E19F}.Release|Any CPU.ActiveCfg = Release|Any CPU
		{FE49745C-01F6-4A3F-BF08-828113D3E19F}.Release|Any CPU.Build.0 = Release|Any CPU
		{89F8BAB2-2E7A-425E-B715-2CC4519D561F}.Debug|Any CPU.ActiveCfg = Debug|Any CPU
		{89F8BAB2-2E7A-425E-B715-2CC4519D561F}.Debug|Any CPU.Build.0 = Debug|Any CPU
		{89F8BAB2-2E7A-425E-B715-2CC4519D561F}.Release|Any CPU.ActiveCfg = Release|Any CPU
		{89F8BAB2-2E7A-425E-B715-2CC4519D561F}.Release|Any CPU.Build.0 = Release|Any CPU
		{24CA1FB8-BE9B-46ED-8E09-3767505128B6}.Debug|Any CPU.ActiveCfg = Debug|Any CPU
		{24CA1FB8-BE9B-46ED-8E09-3767505128B6}.Debug|Any CPU.Build.0 = Debug|Any CPU
		{24CA1FB8-BE9B-46ED-8E09-3767505128B6}.Release|Any CPU.ActiveCfg = Release|Any CPU
		{24CA1FB8-BE9B-46ED-8E09-3767505128B6}.Release|Any CPU.Build.0 = Release|Any CPU
		{08214364-755E-4D6F-B7FF-9D2D49011C20}.Debug|Any CPU.ActiveCfg = Debug|Any CPU
		{08214364-755E-4D6F-B7FF-9D2D49011C20}.Debug|Any CPU.Build.0 = Debug|Any CPU
		{08214364-755E-4D6F-B7FF-9D2D49011C20}.Release|Any CPU.ActiveCfg = Release|Any CPU
		{08214364-755E-4D6F-B7FF-9D2D49011C20}.Release|Any CPU.Build.0 = Release|Any CPU
		{346B1208-1587-490B-A7DE-A96B86E81CD6}.Debug|Any CPU.ActiveCfg = Debug|Any CPU
		{346B1208-1587-490B-A7DE-A96B86E81CD6}.Debug|Any CPU.Build.0 = Debug|Any CPU
		{346B1208-1587-490B-A7DE-A96B86E81CD6}.Release|Any CPU.ActiveCfg = Release|Any CPU
		{346B1208-1587-490B-A7DE-A96B86E81CD6}.Release|Any CPU.Build.0 = Release|Any CPU
		{F04D4384-62B7-4F73-ACD9-C9A5112FC53F}.Debug|Any CPU.ActiveCfg = Debug|Any CPU
		{F04D4384-62B7-4F73-ACD9-C9A5112FC53F}.Debug|Any CPU.Build.0 = Debug|Any CPU
		{F04D4384-62B7-4F73-ACD9-C9A5112FC53F}.Release|Any CPU.ActiveCfg = Release|Any CPU
		{F04D4384-62B7-4F73-ACD9-C9A5112FC53F}.Release|Any CPU.Build.0 = Release|Any CPU
		{6AECAE3C-A1F3-4B94-976B-D27AA4610879}.Debug|Any CPU.ActiveCfg = Debug|Any CPU
		{6AECAE3C-A1F3-4B94-976B-D27AA4610879}.Debug|Any CPU.Build.0 = Debug|Any CPU
		{6AECAE3C-A1F3-4B94-976B-D27AA4610879}.Release|Any CPU.ActiveCfg = Release|Any CPU
		{6AECAE3C-A1F3-4B94-976B-D27AA4610879}.Release|Any CPU.Build.0 = Release|Any CPU
		{B8B3DDF2-BDF3-4091-989D-D1637B59705A}.Debug|Any CPU.ActiveCfg = Debug|Any CPU
		{B8B3DDF2-BDF3-4091-989D-D1637B59705A}.Debug|Any CPU.Build.0 = Debug|Any CPU
		{B8B3DDF2-BDF3-4091-989D-D1637B59705A}.Release|Any CPU.ActiveCfg = Release|Any CPU
		{B8B3DDF2-BDF3-4091-989D-D1637B59705A}.Release|Any CPU.Build.0 = Release|Any CPU
	EndGlobalSection
	GlobalSection(SolutionProperties) = preSolution
		HideSolutionNode = FALSE
	EndGlobalSection
	GlobalSection(MonoDevelopProperties) = preSolution
		Policies = $0
		$0.DotNetNamingPolicy = $1
		$1.DirectoryNamespaceAssociation = None
		$1.ResourceNamePolicy = FileFormatDefault
		$0.TextStylePolicy = $2
		$2.FileWidth = 120
		$2.inheritsSet = VisualStudio
		$2.inheritsScope = text/plain
		$2.scope = text/x-csharp
		$2.EolMarker = Unix
		$0.CSharpFormattingPolicy = $3
		$3.IndentSwitchSection = True
		$3.NewLinesForBracesInProperties = True
		$3.NewLinesForBracesInAccessors = True
		$3.NewLinesForBracesInAnonymousMethods = True
		$3.NewLinesForBracesInControlBlocks = True
		$3.NewLinesForBracesInAnonymousTypes = True
		$3.NewLinesForBracesInObjectCollectionArrayInitializers = True
		$3.NewLinesForBracesInLambdaExpressionBody = True
		$3.NewLineForElse = True
		$3.NewLineForCatch = True
		$3.NewLineForFinally = True
		$3.NewLineForMembersInObjectInit = True
		$3.NewLineForMembersInAnonymousTypes = True
		$3.NewLineForClausesInQuery = True
		$3.SpacingAfterMethodDeclarationName = False
		$3.SpaceAfterMethodCallName = False
		$3.SpaceBeforeOpenSquareBracket = False
		$3.inheritsSet = Mono
		$3.inheritsScope = text/x-csharp
		$3.scope = text/x-csharp
		$0.StandardHeader = $4
		$4.Text = 
		$4.IncludeInNewFiles = True
		$0.NameConventionPolicy = $5
		$5.Rules = $6
		$6.NamingRule = $7
		$7.Name = Type Parameters
		$7.AffectedEntity = TypeParameter
		$7.VisibilityMask = VisibilityMask
		$7.NamingStyle = PascalCase
		$7.IncludeInstanceMembers = True
		$7.IncludeStaticEntities = True
		$7.RequiredPrefixes = $8
		$8.String = T
		$7.RequiredSuffixes = $9
		$9.String = Exception
		$7.AllowedPrefixes = $11
		$11.String = m_
		$0.VersionControlPolicy = $10
		$10.inheritsSet = Mono
		description = Mapbox SDK Unity
		version = 0.0.1
	EndGlobalSection
EndGlobal
